
Microsoft Visual Studio Solution File, Format Version 12.00
# Visual Studio Version 17
VisualStudioVersion = 17.8.34112.27
MinimumVisualStudioVersion = 10.0.40219.1
Project("{FAE04EC0-301F-11D3-BF4B-00C04F79EFBC}") = "Entidades", "Entidades\Entidades.csproj", "{8DF3C7E2-4E42-4E6F-B978-BC9A9DE63E82}"
EndProject
Project("{2150E333-8FDC-42A3-9474-1A3956D46DE8}") = "1 - APIs", "1 - APIs", "{10C17654-7351-4EFF-BC6B-DB4372E5D658}"
EndProject
Project("{2150E333-8FDC-42A3-9474-1A3956D46DE8}") = "2 - Aplicacao", "2 - Aplicacao", "{31350123-D4EC-4227-8176-ABF5D7194CC5}"
EndProject
Project("{2150E333-8FDC-42A3-9474-1A3956D46DE8}") = "3 - Dominio", "3 - Dominio", "{26C6651D-33AB-40CE-93B0-7A7C2C1F3BE0}"
EndProject
Project("{2150E333-8FDC-42A3-9474-1A3956D46DE8}") = "4 - Infraestrutura", "4 - Infraestrutura", "{FA9CBBE4-2608-4B07-96C0-CCF81741B2AC}"
EndProject
Project("{2150E333-8FDC-42A3-9474-1A3956D46DE8}") = "5 - Entidades", "5 - Entidades", "{4553B76A-63AB-4916-B832-7D53E5E06930}"
EndProject
Project("{FAE04EC0-301F-11D3-BF4B-00C04F79EFBC}") = "Infraestrutura", "Infraestrutura\Infraestrutura.csproj", "{6BC4E1EC-1781-40F2-A81D-4C79AC78A6A3}"
EndProject
Project("{FAE04EC0-301F-11D3-BF4B-00C04F79EFBC}") = "Dominio", "Dominio\Dominio.csproj", "{7DF4E28A-2362-46EB-9BF0-DC52F7535522}"
EndProject
Project("{FAE04EC0-301F-11D3-BF4B-00C04F79EFBC}") = "Aplicacao", "Aplicacao\Aplicacao.csproj", "{E5425E31-4921-49B2-AAFB-9E41C312AAF1}"
EndProject
Project("{FAE04EC0-301F-11D3-BF4B-00C04F79EFBC}") = "WebAPI", "WebAPI\WebAPI.csproj", "{1CF0A3E3-1B21-4F1B-B86E-5C01A616E37C}"
EndProject
Global
	GlobalSection(SolutionConfigurationPlatforms) = preSolution
		Debug|Any CPU = Debug|Any CPU
		Release|Any CPU = Release|Any CPU
	EndGlobalSection
	GlobalSection(ProjectConfigurationPlatforms) = postSolution
		{8DF3C7E2-4E42-4E6F-B978-BC9A9DE63E82}.Debug|Any CPU.ActiveCfg = Debug|Any CPU
		{8DF3C7E2-4E42-4E6F-B978-BC9A9DE63E82}.Debug|Any CPU.Build.0 = Debug|Any CPU
		{8DF3C7E2-4E42-4E6F-B978-BC9A9DE63E82}.Release|Any CPU.ActiveCfg = Release|Any CPU
		{8DF3C7E2-4E42-4E6F-B978-BC9A9DE63E82}.Release|Any CPU.Build.0 = Release|Any CPU
		{6BC4E1EC-1781-40F2-A81D-4C79AC78A6A3}.Debug|Any CPU.ActiveCfg = Debug|Any CPU
		{6BC4E1EC-1781-40F2-A81D-4C79AC78A6A3}.Debug|Any CPU.Build.0 = Debug|Any CPU
		{6BC4E1EC-1781-40F2-A81D-4C79AC78A6A3}.Release|Any CPU.ActiveCfg = Release|Any CPU
		{6BC4E1EC-1781-40F2-A81D-4C79AC78A6A3}.Release|Any CPU.Build.0 = Release|Any CPU
		{7DF4E28A-2362-46EB-9BF0-DC52F7535522}.Debug|Any CPU.ActiveCfg = Debug|Any CPU
		{7DF4E28A-2362-46EB-9BF0-DC52F7535522}.Debug|Any CPU.Build.0 = Debug|Any CPU
		{7DF4E28A-2362-46EB-9BF0-DC52F7535522}.Release|Any CPU.ActiveCfg = Release|Any CPU
		{7DF4E28A-2362-46EB-9BF0-DC52F7535522}.Release|Any CPU.Build.0 = Release|Any CPU
		{E5425E31-4921-49B2-AAFB-9E41C312AAF1}.Debug|Any CPU.ActiveCfg = Debug|Any CPU
		{E5425E31-4921-49B2-AAFB-9E41C312AAF1}.Debug|Any CPU.Build.0 = Debug|Any CPU
		{E5425E31-4921-49B2-AAFB-9E41C312AAF1}.Release|Any CPU.ActiveCfg = Release|Any CPU
		{E5425E31-4921-49B2-AAFB-9E41C312AAF1}.Release|Any CPU.Build.0 = Release|Any CPU
		{1CF0A3E3-1B21-4F1B-B86E-5C01A616E37C}.Debug|Any CPU.ActiveCfg = Debug|Any CPU
		{1CF0A3E3-1B21-4F1B-B86E-5C01A616E37C}.Debug|Any CPU.Build.0 = Debug|Any CPU
		{1CF0A3E3-1B21-4F1B-B86E-5C01A616E37C}.Release|Any CPU.ActiveCfg = Release|Any CPU
		{1CF0A3E3-1B21-4F1B-B86E-5C01A616E37C}.Release|Any CPU.Build.0 = Release|Any CPU
	EndGlobalSection
	GlobalSection(SolutionProperties) = preSolution
		HideSolutionNode = FALSE
	EndGlobalSection
	GlobalSection(NestedProjects) = preSolution
		{8DF3C7E2-4E42-4E6F-B978-BC9A9DE63E82} = {4553B76A-63AB-4916-B832-7D53E5E06930}
		{6BC4E1EC-1781-40F2-A81D-4C79AC78A6A3} = {FA9CBBE4-2608-4B07-96C0-CCF81741B2AC}
		{7DF4E28A-2362-46EB-9BF0-DC52F7535522} = {26C6651D-33AB-40CE-93B0-7A7C2C1F3BE0}
		{E5425E31-4921-49B2-AAFB-9E41C312AAF1} = {31350123-D4EC-4227-8176-ABF5D7194CC5}
		{1CF0A3E3-1B21-4F1B-B86E-5C01A616E37C} = {10C17654-7351-4EFF-BC6B-DB4372E5D658}
	EndGlobalSection
	GlobalSection(ExtensibilityGlobals) = postSolution
		SolutionGuid = {CD2D3E6F-62AA-4393-A80B-B270A90B33B8}
	EndGlobalSection
EndGlobal
